{
  "name": "project-auto-wizard",
  "version": "0.4.0",
  "lockfileVersion": 3,
  "requires": true,
  "packages": {
    "": {
      "name": "project-auto-wizard",
      "version": "0.4.0",
      "license": "MIT",
      "bin": {
        "project-auto-wizard": "bin/project-auto-wizard.js"
      },
      "engines": {
        "node": ">=20.12"
      }
    }
  }
}
